
Microsoft Visual Studio Solution File, Format Version 12.00
Project("{FAE04EC0-301F-11D3-BF4B-00C04F79EFBC}") = "EasyGen", "EasyGen\EasyGen.csproj", "{D36009C0-025F-4367-B9D0-92912ABFACA1}"
EndProject
Project("{FAE04EC0-301F-11D3-BF4B-00C04F79EFBC}") = "Easy.Demo", "Easy.Demo\Easy.Demo.csproj", "{29852789-F263-4631-BCC7-252956DCC83D}"
EndProject
Global
	GlobalSection(SolutionConfigurationPlatforms) = preSolution
		Debug|Any CPU = Debug|Any CPU
		Release|Any CPU = Release|Any CPU
	EndGlobalSection
	GlobalSection(ProjectConfigurationPlatforms) = postSolution
		{D36009C0-025F-4367-B9D0-92912ABFACA1}.Debug|Any CPU.ActiveCfg = Debug|Any CPU
		{D36009C0-025F-4367-B9D0-92912ABFACA1}.Debug|Any CPU.Build.0 = Debug|Any CPU
		{D36009C0-025F-4367-B9D0-92912ABFACA1}.Release|Any CPU.ActiveCfg = Release|Any CPU
		{D36009C0-025F-4367-B9D0-92912ABFACA1}.Release|Any CPU.Build.0 = Release|Any CPU
		{29852789-F263-4631-BCC7-252956DCC83D}.Debug|Any CPU.ActiveCfg = Debug|Any CPU
		{29852789-F263-4631-BCC7-252956DCC83D}.Debug|Any CPU.Build.0 = Debug|Any CPU
		{29852789-F263-4631-BCC7-252956DCC83D}.Release|Any CPU.ActiveCfg = Release|Any CPU
		{29852789-F263-4631-BCC7-252956DCC83D}.Release|Any CPU.Build.0 = Release|Any CPU
	EndGlobalSection
EndGlobal
